
Microsoft Visual Studio Solution File, Format Version 12.00
# Visual Studio Version 17
VisualStudioVersion = 17.9.34616.47
MinimumVisualStudioVersion = 10.0.40219.1
Project("{9A19103F-16F7-4668-BE54-9A1E7A4F7556}") = "modul7_kelompok_6", "modul7_kelompok_6\modul7_kelompok_6.csproj", "{F51C92A5-CF8E-4610-95FC-6E8934628456}"
EndProject
Project("{2150E333-8FDC-42A3-9474-1A3956D46DE8}") = "Solution", "Solution", "{BBF5D3FD-3BA7-40FA-B0A1-3F8F5E2AE753}"
	ProjectSection(SolutionItems) = preProject
		jurnal7_1_1302220018.json = jurnal7_1_1302220018.json
		jurnal7_2_1302220018.json = jurnal7_2_1302220018.json
	EndProjectSection
EndProject
Global
	GlobalSection(SolutionConfigurationPlatforms) = preSolution
		Debug|Any CPU = Debug|Any CPU
		Release|Any CPU = Release|Any CPU
	EndGlobalSection
	GlobalSection(ProjectConfigurationPlatforms) = postSolution
		{F51C92A5-CF8E-4610-95FC-6E8934628456}.Debug|Any CPU.ActiveCfg = Debug|Any CPU
		{F51C92A5-CF8E-4610-95FC-6E8934628456}.Debug|Any CPU.Build.0 = Debug|Any CPU
		{F51C92A5-CF8E-4610-95FC-6E8934628456}.Release|Any CPU.ActiveCfg = Release|Any CPU
		{F51C92A5-CF8E-4610-95FC-6E8934628456}.Release|Any CPU.Build.0 = Release|Any CPU
	EndGlobalSection
	GlobalSection(SolutionProperties) = preSolution
		HideSolutionNode = FALSE
	EndGlobalSection
	GlobalSection(ExtensibilityGlobals) = postSolution
		SolutionGuid = {FB003D59-DAAF-4A80-9791-E663ED1BA4CD}
	EndGlobalSection
EndGlobal
